
Microsoft Visual Studio Solution File, Format Version 12.00
# Visual Studio 2013
VisualStudioVersion = 12.0.30501.0
MinimumVisualStudioVersion = 10.0.40219.1
Project("{FAE04EC0-301F-11D3-BF4B-00C04F79EFBC}") = "LYSApp.Web", "LYSApp.Web\LYSApp.Web.csproj", "{9162114E-F1F7-45E6-8198-34D6FCD210D4}"
EndProject
Project("{FAE04EC0-301F-11D3-BF4B-00C04F79EFBC}") = "LYSApp.Web.Tests", "LYSApp.Web.Tests\LYSApp.Web.Tests.csproj", "{7CF6AD6B-9B98-4943-B7E7-41AB1AA14FF7}"
EndProject
Project("{FAE04EC0-301F-11D3-BF4B-00C04F79EFBC}") = "LYSApp.Domain", "LYSApp.Domain\LYSApp.Domain.csproj", "{B094F1CA-8355-4D70-909A-71C8DB6D256F}"
EndProject
Project("{FAE04EC0-301F-11D3-BF4B-00C04F79EFBC}") = "LYSApp.Model", "LYSApp.Model\LYSApp.Model.csproj", "{9E030686-8E07-4B7D-9941-4C18EDC27248}"
EndProject
Project("{FAE04EC0-301F-11D3-BF4B-00C04F79EFBC}") = "LYSApp.Data", "LYSApp.Data\LYSApp.Data.csproj", "{37E456CB-41F5-446B-997F-CFD5C965FEB2}"
EndProject
Global
	GlobalSection(SolutionConfigurationPlatforms) = preSolution
		Debug|Any CPU = Debug|Any CPU
		Release|Any CPU = Release|Any CPU
	EndGlobalSection
	GlobalSection(ProjectConfigurationPlatforms) = postSolution
		{9162114E-F1F7-45E6-8198-34D6FCD210D4}.Debug|Any CPU.ActiveCfg = Debug|Any CPU
		{9162114E-F1F7-45E6-8198-34D6FCD210D4}.Debug|Any CPU.Build.0 = Debug|Any CPU
		{9162114E-F1F7-45E6-8198-34D6FCD210D4}.Release|Any CPU.ActiveCfg = Release|Any CPU
		{9162114E-F1F7-45E6-8198-34D6FCD210D4}.Release|Any CPU.Build.0 = Release|Any CPU
		{7CF6AD6B-9B98-4943-B7E7-41AB1AA14FF7}.Debug|Any CPU.ActiveCfg = Debug|Any CPU
		{7CF6AD6B-9B98-4943-B7E7-41AB1AA14FF7}.Debug|Any CPU.Build.0 = Debug|Any CPU
		{7CF6AD6B-9B98-4943-B7E7-41AB1AA14FF7}.Release|Any CPU.ActiveCfg = Release|Any CPU
		{7CF6AD6B-9B98-4943-B7E7-41AB1AA14FF7}.Release|Any CPU.Build.0 = Release|Any CPU
		{B094F1CA-8355-4D70-909A-71C8DB6D256F}.Debug|Any CPU.ActiveCfg = Debug|Any CPU
		{B094F1CA-8355-4D70-909A-71C8DB6D256F}.Debug|Any CPU.Build.0 = Debug|Any CPU
		{B094F1CA-8355-4D70-909A-71C8DB6D256F}.Release|Any CPU.ActiveCfg = Release|Any CPU
		{B094F1CA-8355-4D70-909A-71C8DB6D256F}.Release|Any CPU.Build.0 = Release|Any CPU
		{9E030686-8E07-4B7D-9941-4C18EDC27248}.Debug|Any CPU.ActiveCfg = Debug|Any CPU
		{9E030686-8E07-4B7D-9941-4C18EDC27248}.Debug|Any CPU.Build.0 = Debug|Any CPU
		{9E030686-8E07-4B7D-9941-4C18EDC27248}.Release|Any CPU.ActiveCfg = Release|Any CPU
		{9E030686-8E07-4B7D-9941-4C18EDC27248}.Release|Any CPU.Build.0 = Release|Any CPU
		{37E456CB-41F5-446B-997F-CFD5C965FEB2}.Debug|Any CPU.ActiveCfg = Debug|Any CPU
		{37E456CB-41F5-446B-997F-CFD5C965FEB2}.Debug|Any CPU.Build.0 = Debug|Any CPU
		{37E456CB-41F5-446B-997F-CFD5C965FEB2}.Release|Any CPU.ActiveCfg = Release|Any CPU
		{37E456CB-41F5-446B-997F-CFD5C965FEB2}.Release|Any CPU.Build.0 = Release|Any CPU
	EndGlobalSection
	GlobalSection(SolutionProperties) = preSolution
		HideSolutionNode = FALSE
	EndGlobalSection
EndGlobal
