
Microsoft Visual Studio Solution File, Format Version 12.00
# Visual Studio 2013
VisualStudioVersion = 12.0.30501.0
MinimumVisualStudioVersion = 10.0.40219.1
Project("{FAE04EC0-301F-11D3-BF4B-00C04F79EFBC}") = "LYSApp.Web", "LYSApp.Web\LYSApp.Web.csproj", "{F7731E38-45CF-4CB6-9343-45D6C30404BC}"
EndProject
Project("{FAE04EC0-301F-11D3-BF4B-00C04F79EFBC}") = "LYSApp.Web.Tests", "LYSApp.Web.Tests\LYSApp.Web.Tests.csproj", "{72BAA474-7164-4B1D-BF89-75037228D0B8}"
EndProject
Project("{FAE04EC0-301F-11D3-BF4B-00C04F79EFBC}") = "LYSApp.Data", "LYSApp.Data\LYSApp.Data.csproj", "{4CCE9BE0-4948-46C2-9BE7-5D07B9461308}"
EndProject
Project("{FAE04EC0-301F-11D3-BF4B-00C04F79EFBC}") = "LYSApp.Domain", "LYSApp.Domain\LYSApp.Domain.csproj", "{BD54AFF9-A65A-48D7-AC9D-1410E5112340}"
EndProject
Project("{FAE04EC0-301F-11D3-BF4B-00C04F79EFBC}") = "LYSApp.Model", "LYSApp.Model\LYSApp.Model.csproj", "{5448AF25-9919-4FDF-9A50-15FA70A924CE}"
EndProject
Global
	GlobalSection(SolutionConfigurationPlatforms) = preSolution
		Debug|Any CPU = Debug|Any CPU
		Release|Any CPU = Release|Any CPU
	EndGlobalSection
	GlobalSection(ProjectConfigurationPlatforms) = postSolution
		{F7731E38-45CF-4CB6-9343-45D6C30404BC}.Debug|Any CPU.ActiveCfg = Debug|Any CPU
		{F7731E38-45CF-4CB6-9343-45D6C30404BC}.Debug|Any CPU.Build.0 = Debug|Any CPU
		{F7731E38-45CF-4CB6-9343-45D6C30404BC}.Release|Any CPU.ActiveCfg = Release|Any CPU
		{F7731E38-45CF-4CB6-9343-45D6C30404BC}.Release|Any CPU.Build.0 = Release|Any CPU
		{72BAA474-7164-4B1D-BF89-75037228D0B8}.Debug|Any CPU.ActiveCfg = Debug|Any CPU
		{72BAA474-7164-4B1D-BF89-75037228D0B8}.Debug|Any CPU.Build.0 = Debug|Any CPU
		{72BAA474-7164-4B1D-BF89-75037228D0B8}.Release|Any CPU.ActiveCfg = Release|Any CPU
		{72BAA474-7164-4B1D-BF89-75037228D0B8}.Release|Any CPU.Build.0 = Release|Any CPU
		{4CCE9BE0-4948-46C2-9BE7-5D07B9461308}.Debug|Any CPU.ActiveCfg = Debug|Any CPU
		{4CCE9BE0-4948-46C2-9BE7-5D07B9461308}.Debug|Any CPU.Build.0 = Debug|Any CPU
		{4CCE9BE0-4948-46C2-9BE7-5D07B9461308}.Release|Any CPU.ActiveCfg = Release|Any CPU
		{4CCE9BE0-4948-46C2-9BE7-5D07B9461308}.Release|Any CPU.Build.0 = Release|Any CPU
		{BD54AFF9-A65A-48D7-AC9D-1410E5112340}.Debug|Any CPU.ActiveCfg = Debug|Any CPU
		{BD54AFF9-A65A-48D7-AC9D-1410E5112340}.Debug|Any CPU.Build.0 = Debug|Any CPU
		{BD54AFF9-A65A-48D7-AC9D-1410E5112340}.Release|Any CPU.ActiveCfg = Release|Any CPU
		{BD54AFF9-A65A-48D7-AC9D-1410E5112340}.Release|Any CPU.Build.0 = Release|Any CPU
		{5448AF25-9919-4FDF-9A50-15FA70A924CE}.Debug|Any CPU.ActiveCfg = Debug|Any CPU
		{5448AF25-9919-4FDF-9A50-15FA70A924CE}.Debug|Any CPU.Build.0 = Debug|Any CPU
		{5448AF25-9919-4FDF-9A50-15FA70A924CE}.Release|Any CPU.ActiveCfg = Release|Any CPU
		{5448AF25-9919-4FDF-9A50-15FA70A924CE}.Release|Any CPU.Build.0 = Release|Any CPU
	EndGlobalSection
	GlobalSection(SolutionProperties) = preSolution
		HideSolutionNode = FALSE
	EndGlobalSection
EndGlobal
